
Microsoft Visual Studio Solution File, Format Version 12.00
# Visual Studio Version 17
VisualStudioVersion = 17.10.35004.147
MinimumVisualStudioVersion = 10.0.40219.1
Project("{9A19103F-16F7-4668-BE54-9A1E7A4F7556}") = "ACME.School.WebApi", "ACME.School.WebApi\ACME.School.WebApi.csproj", "{148D4C98-897D-44AC-8F3C-AF47D4A9A3AC}"
EndProject
Project("{9A19103F-16F7-4668-BE54-9A1E7A4F7556}") = "ACME.School.Application", "ACME.School.Application\ACME.School.Application.csproj", "{E500DBE8-46D8-4865-80AD-3C2E8E2A21F8}"
EndProject
Project("{9A19103F-16F7-4668-BE54-9A1E7A4F7556}") = "ACME.School.Domain", "ACME.School.Domain\ACME.School.Domain.csproj", "{10A2B2BF-61D3-4A8E-A811-9D5C6721B3FF}"
EndProject
Project("{9A19103F-16F7-4668-BE54-9A1E7A4F7556}") = "ACME.School.Infrastructure", "ACME.School.Infrastructure\ACME.School.Infrastructure.csproj", "{208CF397-DF49-4AC1-B39E-DB6AD9327C43}"
EndProject
Project("{FAE04EC0-301F-11D3-BF4B-00C04F79EFBC}") = "ACME.School.Test", "ACME.School.Test\ACME.School.Test.csproj", "{F11F4F04-A51B-4459-804B-FCE4CCED0A7A}"
EndProject
Global
	GlobalSection(SolutionConfigurationPlatforms) = preSolution
		Debug|Any CPU = Debug|Any CPU
		Release|Any CPU = Release|Any CPU
	EndGlobalSection
	GlobalSection(ProjectConfigurationPlatforms) = postSolution
		{148D4C98-897D-44AC-8F3C-AF47D4A9A3AC}.Debug|Any CPU.ActiveCfg = Debug|Any CPU
		{148D4C98-897D-44AC-8F3C-AF47D4A9A3AC}.Debug|Any CPU.Build.0 = Debug|Any CPU
		{148D4C98-897D-44AC-8F3C-AF47D4A9A3AC}.Release|Any CPU.ActiveCfg = Release|Any CPU
		{148D4C98-897D-44AC-8F3C-AF47D4A9A3AC}.Release|Any CPU.Build.0 = Release|Any CPU
		{E500DBE8-46D8-4865-80AD-3C2E8E2A21F8}.Debug|Any CPU.ActiveCfg = Debug|Any CPU
		{E500DBE8-46D8-4865-80AD-3C2E8E2A21F8}.Debug|Any CPU.Build.0 = Debug|Any CPU
		{E500DBE8-46D8-4865-80AD-3C2E8E2A21F8}.Release|Any CPU.ActiveCfg = Release|Any CPU
		{E500DBE8-46D8-4865-80AD-3C2E8E2A21F8}.Release|Any CPU.Build.0 = Release|Any CPU
		{10A2B2BF-61D3-4A8E-A811-9D5C6721B3FF}.Debug|Any CPU.ActiveCfg = Debug|Any CPU
		{10A2B2BF-61D3-4A8E-A811-9D5C6721B3FF}.Debug|Any CPU.Build.0 = Debug|Any CPU
		{10A2B2BF-61D3-4A8E-A811-9D5C6721B3FF}.Release|Any CPU.ActiveCfg = Release|Any CPU
		{10A2B2BF-61D3-4A8E-A811-9D5C6721B3FF}.Release|Any CPU.Build.0 = Release|Any CPU
		{208CF397-DF49-4AC1-B39E-DB6AD9327C43}.Debug|Any CPU.ActiveCfg = Debug|Any CPU
		{208CF397-DF49-4AC1-B39E-DB6AD9327C43}.Debug|Any CPU.Build.0 = Debug|Any CPU
		{208CF397-DF49-4AC1-B39E-DB6AD9327C43}.Release|Any CPU.ActiveCfg = Release|Any CPU
		{208CF397-DF49-4AC1-B39E-DB6AD9327C43}.Release|Any CPU.Build.0 = Release|Any CPU
		{F11F4F04-A51B-4459-804B-FCE4CCED0A7A}.Debug|Any CPU.ActiveCfg = Debug|Any CPU
		{F11F4F04-A51B-4459-804B-FCE4CCED0A7A}.Debug|Any CPU.Build.0 = Debug|Any CPU
		{F11F4F04-A51B-4459-804B-FCE4CCED0A7A}.Release|Any CPU.ActiveCfg = Release|Any CPU
		{F11F4F04-A51B-4459-804B-FCE4CCED0A7A}.Release|Any CPU.Build.0 = Release|Any CPU
	EndGlobalSection
	GlobalSection(SolutionProperties) = preSolution
		HideSolutionNode = FALSE
	EndGlobalSection
	GlobalSection(ExtensibilityGlobals) = postSolution
		SolutionGuid = {4A30A419-B6A4-47F8-8511-C308EDD7900F}
	EndGlobalSection
EndGlobal
